
Microsoft Visual Studio Solution File, Format Version 12.00
# Visual Studio Version 16
VisualStudioVersion = 16.0.30413.136
MinimumVisualStudioVersion = 10.0.40219.1
Project("{FAE04EC0-301F-11D3-BF4B-00C04F79EFBC}") = "Entidades", "Entidades\Entidades.csproj", "{BA6055BA-FE3B-4427-91CE-37FA64C4F42D}"
EndProject
Project("{FAE04EC0-301F-11D3-BF4B-00C04F79EFBC}") = "MiCalculadora", "MiCalculadora\MiCalculadora.csproj", "{6CB43ED8-09EC-4A6E-B285-E4FE19878B04}"
EndProject
Global
	GlobalSection(SolutionConfigurationPlatforms) = preSolution
		Debug|Any CPU = Debug|Any CPU
		Release|Any CPU = Release|Any CPU
	EndGlobalSection
	GlobalSection(ProjectConfigurationPlatforms) = postSolution
		{BA6055BA-FE3B-4427-91CE-37FA64C4F42D}.Debug|Any CPU.ActiveCfg = Debug|Any CPU
		{BA6055BA-FE3B-4427-91CE-37FA64C4F42D}.Debug|Any CPU.Build.0 = Debug|Any CPU
		{BA6055BA-FE3B-4427-91CE-37FA64C4F42D}.Release|Any CPU.ActiveCfg = Release|Any CPU
		{BA6055BA-FE3B-4427-91CE-37FA64C4F42D}.Release|Any CPU.Build.0 = Release|Any CPU
		{6CB43ED8-09EC-4A6E-B285-E4FE19878B04}.Debug|Any CPU.ActiveCfg = Debug|Any CPU
		{6CB43ED8-09EC-4A6E-B285-E4FE19878B04}.Debug|Any CPU.Build.0 = Debug|Any CPU
		{6CB43ED8-09EC-4A6E-B285-E4FE19878B04}.Release|Any CPU.ActiveCfg = Release|Any CPU
		{6CB43ED8-09EC-4A6E-B285-E4FE19878B04}.Release|Any CPU.Build.0 = Release|Any CPU
	EndGlobalSection
	GlobalSection(SolutionProperties) = preSolution
		HideSolutionNode = FALSE
	EndGlobalSection
	GlobalSection(ExtensibilityGlobals) = postSolution
		SolutionGuid = {B3A19868-9906-474B-8D44-0A31D6135EBF}
	EndGlobalSection
EndGlobal
